# THIS IS AN AUTOGENERATED FILE. DO NOT EDIT THIS FILE DIRECTLY.
# yarn lockfile v1


"@corex/deepmerge@^4.0.29":
  "integrity" "sha512-PX90bEnrLdxd5e6rSFWsghExMuSw0Uov3fWJuuaoFuUQIS/446diu/4seExK5b+43L+SOBbd2uBGwYUkG1JfCw=="
  "resolved" "https://registry.npmjs.org/@corex/deepmerge/-/deepmerge-4.0.37.tgz"
  "version" "4.0.37"

"@fortawesome/fontawesome-common-types@6.2.1":
  "integrity" "sha512-Sz07mnQrTekFWLz5BMjOzHl/+NooTdW8F8kDQxjWwbpOJcnoSg4vUDng8d/WR1wOxM0O+CY9Zw0nR054riNYtQ=="
  "resolved" "https://registry.npmjs.org/@fortawesome/fontawesome-common-types/-/fontawesome-common-types-6.2.1.tgz"
  "version" "6.2.1"

"@fortawesome/fontawesome-svg-core@^6.2.1", "@fortawesome/fontawesome-svg-core@~1 || ~6":
  "integrity" "sha512-HELwwbCz6C1XEcjzyT1Jugmz2NNklMrSPjZOWMlc+ZsHIVk+XOvOXLGGQtFBwSyqfJDNgRq4xBCwWOaZ/d9DEA=="
  "resolved" "https://registry.npmjs.org/@fortawesome/fontawesome-svg-core/-/fontawesome-svg-core-6.2.1.tgz"
  "version" "6.2.1"
  dependencies:
    "@fortawesome/fontawesome-common-types" "6.2.1"

"@fortawesome/free-regular-svg-icons@^6.2.1":
  "integrity" "sha512-wiqcNDNom75x+pe88FclpKz7aOSqS2lOivZeicMV5KRwOAeypxEYWAK/0v+7r+LrEY30+qzh8r2XDaEHvoLsMA=="
  "resolved" "https://registry.npmjs.org/@fortawesome/free-regular-svg-icons/-/free-regular-svg-icons-6.2.1.tgz"
  "version" "6.2.1"
  dependencies:
    "@fortawesome/fontawesome-common-types" "6.2.1"

"@fortawesome/free-solid-svg-icons@^6.2.1":
  "integrity" "sha512-oKuqrP5jbfEPJWTij4sM+/RvgX+RMFwx3QZCZcK9PrBDgxC35zuc7AOFsyMjMd/PIFPeB2JxyqDr5zs/DZFPPw=="
  "resolved" "https://registry.npmjs.org/@fortawesome/free-solid-svg-icons/-/free-solid-svg-icons-6.2.1.tgz"
  "version" "6.2.1"
  dependencies:
    "@fortawesome/fontawesome-common-types" "6.2.1"

"@fortawesome/react-fontawesome@^0.2.0":
  "integrity" "sha512-uHg75Rb/XORTtVt7OS9WoK8uM276Ufi7gCzshVWkUJbHhh3svsUUeqXerrM96Wm7fRiDzfKRwSoahhMIkGAYHw=="
  "resolved" "https://registry.npmjs.org/@fortawesome/react-fontawesome/-/react-fontawesome-0.2.0.tgz"
  "version" "0.2.0"
  dependencies:
    "prop-types" "^15.8.1"

"@graphql-typed-document-node/core@^3.1.1":
  "integrity" "sha512-NQ17ii0rK1b34VZonlmT2QMJFI70m0TRwbknO/ihlbatXyaktDhN/98vBiUU6kNBPljqGqyIrl2T4nY2RpFANg=="
  "resolved" "https://registry.npmjs.org/@graphql-typed-document-node/core/-/core-3.1.1.tgz"
  "version" "3.1.1"

"@next/env@*", "@next/env@13.1.2":
  "integrity" "sha512-PpT4UZIX66VMTqXt4HKEJ+/PwbS+tWmmhZlazaws1a+dbUA5pPdjntQ46Jvj616i3ZKN9doS9LHx3y50RLjAWg=="
  "resolved" "https://registry.npmjs.org/@next/env/-/env-13.1.2.tgz"
  "version" "13.1.2"

"@next/font@13.1.2":
  "integrity" "sha512-NXGXGFGiOKEnvBIHq9cdFTKbHO2/4B3Zd9K27M7j1DioIQVar7oVRqZMYs0h3XMVEZLwjjkdAtqRPCzzd3RtXg=="
  "resolved" "https://registry.npmjs.org/@next/font/-/font-13.1.2.tgz"
  "version" "13.1.2"

"@next/swc-win32-x64-msvc@13.1.2":
  "integrity" "sha512-avsyveEvcvH42PvKjR4Pb8JlLttuGURr2H3ZhS2b85pHOiZ7yjH3rMUoGnNzuLMApyxYaCvd4MedPrLhnNhkog=="
  "resolved" "https://registry.npmjs.org/@next/swc-win32-x64-msvc/-/swc-win32-x64-msvc-13.1.2.tgz"
  "version" "13.1.2"

"@swc/helpers@0.4.14":
  "integrity" "sha512-4C7nX/dvpzB7za4Ql9K81xK3HPxCpHMgwTZVyf+9JQ6VUbn9jjZVN7/Nkdz/Ugzs2CSjqnL/UPXroiVBVHUWUw=="
  "resolved" "https://registry.npmjs.org/@swc/helpers/-/helpers-0.4.14.tgz"
  "version" "0.4.14"
  dependencies:
    "tslib" "^2.4.0"

"aos@^2.3.4":
  "integrity" "sha512-zh/ahtR2yME4I51z8IttIt4lC1Nw0ktsFtmeDzID1m9naJnWXhCoARaCgNOGXb5CLy3zm+wqmRAEgMYB5E2HUw=="
  "resolved" "https://registry.npmjs.org/aos/-/aos-2.3.4.tgz"
  "version" "2.3.4"
  dependencies:
    "classlist-polyfill" "^1.0.3"
    "lodash.debounce" "^4.0.6"
    "lodash.throttle" "^4.0.1"

"asynckit@^0.4.0":
  "integrity" "sha512-Oei9OH4tRh0YqU3GxhX79dM/mwVgvbZJaSNaRk+bshkj0S5cfHcgYakreBjrHwatXKbz+IoIdYLxrKim2MjW0Q=="
  "resolved" "https://registry.npmjs.org/asynckit/-/asynckit-0.4.0.tgz"
  "version" "0.4.0"

"caniuse-lite@^1.0.30001406":
  "integrity" "sha512-ecER9xgJQVMqcrxThKptsW0pPxSae8R2RB87LNa+ivW9ppNWRHEplXcDzkCOP4LYWGj8hunXLqaiC41iBATNyg=="
  "resolved" "https://registry.npmjs.org/caniuse-lite/-/caniuse-lite-1.0.30001444.tgz"
  "version" "1.0.30001444"

"classlist-polyfill@^1.0.3":
  "integrity" "sha512-GzIjNdcEtH4ieA2S8NmrSxv7DfEV5fmixQeyTmqmRmRJPGpRBaSnA2a0VrCjyT8iW8JjEdMbKzDotAJf+ajgaQ=="
  "resolved" "https://registry.npmjs.org/classlist-polyfill/-/classlist-polyfill-1.2.0.tgz"
  "version" "1.2.0"

"client-only@0.0.1":
  "integrity" "sha512-IV3Ou0jSMzZrd3pZ48nLkT9DA7Ag1pnPzaiQhpW7c3RbcqqzvzzVu+L8gfqMp/8IM2MQtSiqaCxrrcfu8I8rMA=="
  "resolved" "https://registry.npmjs.org/client-only/-/client-only-0.0.1.tgz"
  "version" "0.0.1"

"combined-stream@^1.0.8":
  "integrity" "sha512-FQN4MRfuJeHf7cBbBMJFXhKSDq+2kAArBlmRBvcvFE5BB1HZKXtSFASDhdlz9zOYwxh8lDdnvmMOe/+5cdoEdg=="
  "resolved" "https://registry.npmjs.org/combined-stream/-/combined-stream-1.0.8.tgz"
  "version" "1.0.8"
  dependencies:
    "delayed-stream" "~1.0.0"

"cross-fetch@^3.1.5":
  "integrity" "sha512-lvb1SBsI0Z7GDwmuid+mU3kWVBwTVUbe7S0H52yaaAdQOXq2YktTCZdlAcNKFzE6QtRz0snpw9bNiPeOIkkQvw=="
  "resolved" "https://registry.npmjs.org/cross-fetch/-/cross-fetch-3.1.5.tgz"
  "version" "3.1.5"
  dependencies:
    "node-fetch" "2.6.7"

"delayed-stream@~1.0.0":
  "integrity" "sha512-ZySD7Nf91aLB0RxL4KGrKHBXl7Eds1DAmEdcoVawXnLD7SDhpNgtuII2aAkg7a7QS41jxPSZ17p4VdGnMHk3MQ=="
  "resolved" "https://registry.npmjs.org/delayed-stream/-/delayed-stream-1.0.0.tgz"
  "version" "1.0.0"

"dom7@^4.0.4":
  "integrity" "sha512-DSSgBzQ4rJWQp1u6o+3FVwMNnT5bzQbMb+o31TjYYeRi05uAcpF8koxdfzeoe5ElzPmua7W7N28YJhF7iEKqIw=="
  "resolved" "https://registry.npmjs.org/dom7/-/dom7-4.0.4.tgz"
  "version" "4.0.4"
  dependencies:
    "ssr-window" "^4.0.0"

"extract-files@^9.0.0":
  "integrity" "sha512-CvdFfHkC95B4bBBk36hcEmvdR2awOdhhVUYH6S/zrVj3477zven/fJMYg7121h4T1xHZC+tetUpubpAhxwI7hQ=="
  "resolved" "https://registry.npmjs.org/extract-files/-/extract-files-9.0.0.tgz"
  "version" "9.0.0"

"fast-deep-equal@^3.1.3":
  "integrity" "sha512-f3qQ9oQy9j2AhBe/H9VC91wLmKBCCU/gDOnKNAYG5hswO7BLKj09Hc5HYNz9cGI++xlpDCIgDaitVs03ATR84Q=="
  "resolved" "https://registry.npmjs.org/fast-deep-equal/-/fast-deep-equal-3.1.3.tgz"
  "version" "3.1.3"

"form-data@^3.0.0":
  "integrity" "sha512-RHkBKtLWUVwd7SqRIvCZMEvAMoGUp0XU+seQiZejj0COz3RI3hWP4sCv3gZWWLjJTd7rGwcsF5eKZGii0r/hbg=="
  "resolved" "https://registry.npmjs.org/form-data/-/form-data-3.0.1.tgz"
  "version" "3.0.1"
  dependencies:
    "asynckit" "^0.4.0"
    "combined-stream" "^1.0.8"
    "mime-types" "^2.1.12"

"graphql-request@^5.1.0":
  "integrity" "sha512-0OeRVYigVwIiXhNmqnPDt+JhMzsjinxHE7TVy3Lm6jUzav0guVcL0lfSbi6jVTRAxcbwgyr6yrZioSHxf9gHzw=="
  "resolved" "https://registry.npmjs.org/graphql-request/-/graphql-request-5.1.0.tgz"
  "version" "5.1.0"
  dependencies:
    "@graphql-typed-document-node/core" "^3.1.1"
    "cross-fetch" "^3.1.5"
    "extract-files" "^9.0.0"
    "form-data" "^3.0.0"

"graphql@^0.8.0 || ^0.9.0 || ^0.10.0 || ^0.11.0 || ^0.12.0 || ^0.13.0 || ^14.0.0 || ^15.0.0 || ^16.0.0", "graphql@^16.6.0", "graphql@14 - 16":
  "integrity" "sha512-KPIBPDlW7NxrbT/eh4qPXz5FiFdL5UbaA0XUNz2Rp3Z3hqBSkbj0GVjwFDztsWVauZUWsbKHgMg++sk8UX0bkw=="
  "resolved" "https://registry.npmjs.org/graphql/-/graphql-16.6.0.tgz"
  "version" "16.6.0"

"js-tokens@^3.0.0 || ^4.0.0":
  "integrity" "sha512-RdJUflcE3cUzKiMqQgsCu06FPu9UdIJO0beYbPhHN4k6apgJtifcoCtT9bcxOpYBtpD2kCM6Sbzg4CausW/PKQ=="
  "resolved" "https://registry.npmjs.org/js-tokens/-/js-tokens-4.0.0.tgz"
  "version" "4.0.0"

"lodash.debounce@^4.0.6":
  "integrity" "sha512-FT1yDzDYEoYWhnSGnpE/4Kj1fLZkDFyqRb7fNt6FdYOSxlUWAtp42Eh6Wb0rGIv/m9Bgo7x4GhQbm5Ys4SG5ow=="
  "resolved" "https://registry.npmjs.org/lodash.debounce/-/lodash.debounce-4.0.8.tgz"
  "version" "4.0.8"

"lodash.flatmap@^4.5.0":
  "integrity" "sha512-/OcpcAGWlrZyoHGeHh3cAoa6nGdX6QYtmzNP84Jqol6UEQQ2gIaU3H+0eICcjcKGl0/XF8LWOujNn9lffsnaOg=="
  "resolved" "https://registry.npmjs.org/lodash.flatmap/-/lodash.flatmap-4.5.0.tgz"
  "version" "4.5.0"

"lodash.isequal@^4.5.0":
  "integrity" "sha512-pDo3lu8Jhfjqls6GkMgpahsF9kCyayhgykjyLMNFTKWrpVdAQtYyB4muAMWozBB4ig/dtWAmsMxLEI8wuz+DYQ=="
  "resolved" "https://registry.npmjs.org/lodash.isequal/-/lodash.isequal-4.5.0.tgz"
  "version" "4.5.0"

"lodash.throttle@^4.0.1", "lodash.throttle@^4.1.1":
  "integrity" "sha512-wIkUCfVKpVsWo3JSZlc+8MB5it+2AN5W8J7YVMST30UrvcQNZ1Okbj+rbVniijTWE6FGYy4XJq/rHkas8qJMLQ=="
  "resolved" "https://registry.npmjs.org/lodash.throttle/-/lodash.throttle-4.1.1.tgz"
  "version" "4.1.1"

"loose-envify@^1.1.0", "loose-envify@^1.4.0":
  "integrity" "sha512-lyuxPGr/Wfhrlem2CL/UcnUc1zcqKAImBDzukY7Y5F/yQiNdko6+fRLevlw1HgMySw7f611UIY408EtxRSoK3Q=="
  "resolved" "https://registry.npmjs.org/loose-envify/-/loose-envify-1.4.0.tgz"
  "version" "1.4.0"
  dependencies:
    "js-tokens" "^3.0.0 || ^4.0.0"

"mime-db@1.52.0":
  "integrity" "sha512-sPU4uV7dYlvtWJxwwxHD0PuihVNiE7TyAbQ5SWxDCB9mUYvOgroQOwYQQOKPJ8CIbE+1ETVlOoK1UC2nU3gYvg=="
  "resolved" "https://registry.npmjs.org/mime-db/-/mime-db-1.52.0.tgz"
  "version" "1.52.0"

"mime-types@^2.1.12":
  "integrity" "sha512-ZDY+bPm5zTTF+YpCrAU9nK0UgICYPT0QtT1NZWFv4s++TNkcgVaT0g6+4R2uI4MjQjzysHB1zxuWL50hzaeXiw=="
  "resolved" "https://registry.npmjs.org/mime-types/-/mime-types-2.1.35.tgz"
  "version" "2.1.35"
  dependencies:
    "mime-db" "1.52.0"

"minimist@^1.2.7":
  "integrity" "sha512-bzfL1YUZsP41gmu/qjrEk0Q6i2ix/cVeAhbCbqH9u3zYutS1cLg00qhrD0M2MVdCcx4Sc0UpP2eBWo9rotpq6g=="
  "resolved" "https://registry.npmjs.org/minimist/-/minimist-1.2.7.tgz"
  "version" "1.2.7"

"nanoid@^3.3.4":
  "integrity" "sha512-MqBkQh/OHTS2egovRtLk45wEyNXwF+cokD+1YPf9u5VfJiRdAiRwB2froX5Co9Rh20xs4siNPm8naNotSD6RBw=="
  "resolved" "https://registry.npmjs.org/nanoid/-/nanoid-3.3.4.tgz"
  "version" "3.3.4"

"next-sitemap@^3.1.49":
  "integrity" "sha512-bxBq+MQdi580PKn/8ert4X0RL8Kp9scvyiq6TmIpkCQC3bd4DResTyxHY2AuCGKz83ut2udHwKMZu3ztj3aq3w=="
  "resolved" "https://registry.npmjs.org/next-sitemap/-/next-sitemap-3.1.49.tgz"
  "version" "3.1.49"
  dependencies:
    "@corex/deepmerge" "^4.0.29"
    "minimist" "^1.2.7"

"next@*", "next@13.1.2":
  "integrity" "sha512-Rdnnb2YH///w78FEOR/IQ6TXga+qpth4OqFSem48ng1PYYKr6XBsIk1XVaRcIGM3o6iiHnun0nJvkJHDf+ICyQ=="
  "resolved" "https://registry.npmjs.org/next/-/next-13.1.2.tgz"
  "version" "13.1.2"
  dependencies:
    "@next/env" "13.1.2"
    "@swc/helpers" "0.4.14"
    "caniuse-lite" "^1.0.30001406"
    "postcss" "8.4.14"
    "styled-jsx" "5.1.1"
  optionalDependencies:
    "@next/swc-android-arm-eabi" "13.1.2"
    "@next/swc-android-arm64" "13.1.2"
    "@next/swc-darwin-arm64" "13.1.2"
    "@next/swc-darwin-x64" "13.1.2"
    "@next/swc-freebsd-x64" "13.1.2"
    "@next/swc-linux-arm-gnueabihf" "13.1.2"
    "@next/swc-linux-arm64-gnu" "13.1.2"
    "@next/swc-linux-arm64-musl" "13.1.2"
    "@next/swc-linux-x64-gnu" "13.1.2"
    "@next/swc-linux-x64-musl" "13.1.2"
    "@next/swc-win32-arm64-msvc" "13.1.2"
    "@next/swc-win32-ia32-msvc" "13.1.2"
    "@next/swc-win32-x64-msvc" "13.1.2"

"node-fetch@2.6.7":
  "integrity" "sha512-ZjMPFEfVx5j+y2yF35Kzx5sF7kDzxuDj6ziH4FFbOp87zKDZNx8yExJIb05OGF4Nlt9IHFIMBkRl41VdvcNdbQ=="
  "resolved" "https://registry.npmjs.org/node-fetch/-/node-fetch-2.6.7.tgz"
  "version" "2.6.7"
  dependencies:
    "whatwg-url" "^5.0.0"

"object-assign@^4.1.1":
  "integrity" "sha512-rJgTQnkUnH1sFw8yT6VSU3zD3sWmu6sZhIseY8VX+GRu3P6F7Fu+JNDoXfklElbLJSnc3FUQHVe4cU5hj+BcUg=="
  "resolved" "https://registry.npmjs.org/object-assign/-/object-assign-4.1.1.tgz"
  "version" "4.1.1"

"picocolors@^1.0.0":
  "integrity" "sha512-1fygroTLlHu66zi26VoTDv8yRgm0Fccecssto+MhsZ0D/DGW2sm8E8AjW7NU5VVTRt5GxbeZ5qBuJr+HyLYkjQ=="
  "resolved" "https://registry.npmjs.org/picocolors/-/picocolors-1.0.0.tgz"
  "version" "1.0.0"

"postcss@8.4.14":
  "integrity" "sha512-E398TUmfAYFPBSdzgeieK2Y1+1cpdxJx8yXbK/m57nRhKSmk1GB2tO4lbLBtlkfPQTDKfe4Xqv1ASWPpayPEig=="
  "resolved" "https://registry.npmjs.org/postcss/-/postcss-8.4.14.tgz"
  "version" "8.4.14"
  dependencies:
    "nanoid" "^3.3.4"
    "picocolors" "^1.0.0"
    "source-map-js" "^1.0.2"

"prop-types@^15.8.1":
  "integrity" "sha512-oj87CgZICdulUohogVAR7AjlC0327U4el4L6eAvOqCeudMDVU0NThNaV+b9Df4dXgSP1gXMTnPdhfe/2qDH5cg=="
  "resolved" "https://registry.npmjs.org/prop-types/-/prop-types-15.8.1.tgz"
  "version" "15.8.1"
  dependencies:
    "loose-envify" "^1.4.0"
    "object-assign" "^4.1.1"
    "react-is" "^16.13.1"

"react-device-detect@^2.2.2":
  "integrity" "sha512-zSN1gIAztUekp5qUT/ybHwQ9fmOqVT1psxpSlTn1pe0CO+fnJHKRLOWWac5nKxOxvOpD/w84hk1I+EydrJp7SA=="
  "resolved" "https://registry.npmjs.org/react-device-detect/-/react-device-detect-2.2.2.tgz"
  "version" "2.2.2"
  dependencies:
    "ua-parser-js" "^1.0.2"

"react-dom@^18.2.0", "react-dom@>= 0.14.0", "react-dom@>=16.8.0", "react-dom@18.2.0":
  "integrity" "sha512-6IMTriUmvsjHUjNtEDudZfuDQUoWXVxKHhlEGSk81n4YFS+r/Kl99wXiwlVXtPBtJenozv2P+hxDsw9eA7Xo6g=="
  "resolved" "https://registry.npmjs.org/react-dom/-/react-dom-18.2.0.tgz"
  "version" "18.2.0"
  dependencies:
    "loose-envify" "^1.1.0"
    "scheduler" "^0.23.0"

"react-is@^16.13.1":
  "integrity" "sha512-24e6ynE2H+OKt4kqsOvNd8kBpV65zoxbA4BVsEOB3ARVWQki/DHzaUoC5KuON/BiccDaCCTZBuOcfZs70kR8bQ=="
  "resolved" "https://registry.npmjs.org/react-is/-/react-is-16.13.1.tgz"
  "version" "16.13.1"

"react-particle-image@^1.0.2":
  "integrity" "sha512-6Njiagfhbe0VIxuVlhcWP0bk9g42xLaHTcHT7ztTxZ7GdXJtTDNzbW2hMjMV74LdST1lKag7e7kw+5DDmojzTA=="
  "resolved" "https://registry.npmjs.org/react-particle-image/-/react-particle-image-1.0.2.tgz"
  "version" "1.0.2"
  dependencies:
    "lodash.flatmap" "^4.5.0"
    "lodash.isequal" "^4.5.0"
    "lodash.throttle" "^4.1.1"

"react-tsparticles@^2.7.1":
  "integrity" "sha512-r3ogLLkob11KDsXSC8EsvgPgDutmmNOMqYiD1KLRoSz5t1W3WODs3eS370Bzr9bgRjYZSajTHeT5cXMzY1G/Gg=="
  "resolved" "https://registry.npmjs.org/react-tsparticles/-/react-tsparticles-2.7.1.tgz"
  "version" "2.7.1"
  dependencies:
    "fast-deep-equal" "^3.1.3"
    "tsparticles-engine" "^2.7.1"

"react@^18.2.0", "react@>= 0.14.0", "react@>= 16.8.0 || 17.x.x || ^18.0.0-0", "react@>=16", "react@>=16.3", "react@>=16.8.0", "react@18.2.0":
  "integrity" "sha512-/3IjMdb2L9QbBdWiW5e3P2/npwMBaU9mHCSCUzNln0ZCYbcfTsGbTJrU/kGemdH2IWmB2ioZ+zkxtmq6g09fGQ=="
  "resolved" "https://registry.npmjs.org/react/-/react-18.2.0.tgz"
  "version" "18.2.0"
  dependencies:
    "loose-envify" "^1.1.0"

"scheduler@^0.23.0":
  "integrity" "sha512-CtuThmgHNg7zIZWAXi3AsyIzA3n4xx7aNyjwC2VJldO2LMVDhFK+63xGqq6CsJH4rTAt6/M+N4GhZiDYPx9eUw=="
  "resolved" "https://registry.npmjs.org/scheduler/-/scheduler-0.23.0.tgz"
  "version" "0.23.0"
  dependencies:
    "loose-envify" "^1.1.0"

"source-map-js@^1.0.2":
  "integrity" "sha512-R0XvVJ9WusLiqTCEiGCmICCMplcCkIwwR11mOSD9CR5u+IXYdiseeEuXCVAjS54zqwkLcPNnmU4OeJ6tUrWhDw=="
  "resolved" "https://registry.npmjs.org/source-map-js/-/source-map-js-1.0.2.tgz"
  "version" "1.0.2"

"ssr-window@^4.0.0", "ssr-window@^4.0.2":
  "integrity" "sha512-ISv/Ch+ig7SOtw7G2+qkwfVASzazUnvlDTwypdLoPoySv+6MqlOV10VwPSE6EWkGjhW50lUmghPmpYZXMu/+AQ=="
  "resolved" "https://registry.npmjs.org/ssr-window/-/ssr-window-4.0.2.tgz"
  "version" "4.0.2"

"styled-jsx@5.1.1":
  "integrity" "sha512-pW7uC1l4mBZ8ugbiZrcIsiIvVx1UmTfw7UkC3Um2tmfUq9Bhk8IiyEIPl6F8agHgjzku6j0xQEZbfA5uSgSaCw=="
  "resolved" "https://registry.npmjs.org/styled-jsx/-/styled-jsx-5.1.1.tgz"
  "version" "5.1.1"
  dependencies:
    "client-only" "0.0.1"

"swiper@^8.4.6":
  "integrity" "sha512-HACW035vBz2T6Kfut23EAzXhcDpgR8doX+wjq0ZUvJgS5SQApGrV885DAPLBFnmPUISsAhNSVxPKDxqroFvXvQ=="
  "resolved" "https://registry.npmjs.org/swiper/-/swiper-8.4.6.tgz"
  "version" "8.4.6"
  dependencies:
    "dom7" "^4.0.4"
    "ssr-window" "^4.0.2"

"tr46@~0.0.3":
  "integrity" "sha512-N3WMsuqV66lT30CrXNbEjx4GEwlow3v6rr4mCcv6prnfwhS01rkgyFdjPNBYd9br7LpXV1+Emh01fHnq2Gdgrw=="
  "resolved" "https://registry.npmjs.org/tr46/-/tr46-0.0.3.tgz"
  "version" "0.0.3"

"tslib@^2.4.0":
  "integrity" "sha512-tGyy4dAjRIEwI7BzsB0lynWgOpfqjUdq91XXAlIWD2OwKBH7oCl/GZG/HT4BOHrTlPMOASlMQ7veyTqpmRcrNA=="
  "resolved" "https://registry.npmjs.org/tslib/-/tslib-2.4.1.tgz"
  "version" "2.4.1"

"tsparticles-engine@^2.7.1":
  "integrity" "sha512-iUjaagXDyYuJi107yADrLegIQ1jHe658JJQUv6+Fd/DRLrmuBU4XrzaxlERv72LHUrZtk1E/WmnOpeIw1AJzFQ=="
  "resolved" "https://registry.npmjs.org/tsparticles-engine/-/tsparticles-engine-2.7.1.tgz"
  "version" "2.7.1"

"tsparticles-interaction-external-attract@^2.7.1":
  "integrity" "sha512-Jjs4MKajd7RFzwQd8BlyKXLar8RpnmN2g89v9+g0XgsUeh/kw/aDu7kITzX2JbKpSe72jlIt465ZeWprxC5vMw=="
  "resolved" "https://registry.npmjs.org/tsparticles-interaction-external-attract/-/tsparticles-interaction-external-attract-2.7.1.tgz"
  "version" "2.7.1"
  dependencies:
    "tsparticles-engine" "^2.7.1"

"tsparticles-interaction-external-bounce@^2.7.1":
  "integrity" "sha512-HIsuxuLaPcQWByjzysmvOVTgdhgVdFl63IMFuxNUUTiFG5Fbr4e6SwBgjyQzksZCmUzR7k0KczXTQBqSNraCcA=="
  "resolved" "https://registry.npmjs.org/tsparticles-interaction-external-bounce/-/tsparticles-interaction-external-bounce-2.7.1.tgz"
  "version" "2.7.1"
  dependencies:
    "tsparticles-engine" "^2.7.1"

"tsparticles-interaction-external-bubble@^2.7.1":
  "integrity" "sha512-m1LlIkW/V+uGDDG8q7c0km2BgkUQeBlxyndOPvWiS+61rCruMR/l1nshcss7H+lC7TVOlKPp5VEfdvH1BL2uXg=="
  "resolved" "https://registry.npmjs.org/tsparticles-interaction-external-bubble/-/tsparticles-interaction-external-bubble-2.7.1.tgz"
  "version" "2.7.1"
  dependencies:
    "tsparticles-engine" "^2.7.1"

"tsparticles-interaction-external-connect@^2.7.1":
  "integrity" "sha512-U1XQaNpT6vjQ/jc7U78AxMx+Zy5NQeVQmGZKa5hXrHNt974HEmJPFur5zQs2gWVv3p3sCLkXYB86/UU+Zt8lWQ=="
  "resolved" "https://registry.npmjs.org/tsparticles-interaction-external-connect/-/tsparticles-interaction-external-connect-2.7.1.tgz"
  "version" "2.7.1"
  dependencies:
    "tsparticles-engine" "^2.7.1"

"tsparticles-interaction-external-grab@^2.7.1":
  "integrity" "sha512-SIzcN64zN4us19lddB6P+jygTSK7C9VUxzzhk+Q7FuSB/ThubOZCJZpI79LgRS06N4iCUusbBJKQCv+Otfi3Vg=="
  "resolved" "https://registry.npmjs.org/tsparticles-interaction-external-grab/-/tsparticles-interaction-external-grab-2.7.1.tgz"
  "version" "2.7.1"
  dependencies:
    "tsparticles-engine" "^2.7.1"

"tsparticles-interaction-external-pause@^2.7.1":
  "integrity" "sha512-pAV84JSELFQQtZd65H7+CbN7V7COSp+SWLfqP7GNMt3U6LDDeHwM0Su9e7QaDd0JO42ofQu8r/P4QBrwBDdRCw=="
  "resolved" "https://registry.npmjs.org/tsparticles-interaction-external-pause/-/tsparticles-interaction-external-pause-2.7.1.tgz"
  "version" "2.7.1"
  dependencies:
    "tsparticles-engine" "^2.7.1"

"tsparticles-interaction-external-push@^2.7.1":
  "integrity" "sha512-Ojg7/w2cElZ2qzR78uXDJWiVUxs1yzB5zLaYPFxI3hat63GsX1+1jWL4YMV1cb3BEpzOK+Tck+l+LtBeNQ3sLA=="
  "resolved" "https://registry.npmjs.org/tsparticles-interaction-external-push/-/tsparticles-interaction-external-push-2.7.1.tgz"
  "version" "2.7.1"
  dependencies:
    "tsparticles-engine" "^2.7.1"

"tsparticles-interaction-external-remove@^2.7.1":
  "integrity" "sha512-KJV+WUW2xR+ym4nzgYKIOiKB5a/WZr8aKA6f8ug7xAAPFyTGAye+rWYNf3RdFoziqLe86M+YFOteOg3VKTlrSA=="
  "resolved" "https://registry.npmjs.org/tsparticles-interaction-external-remove/-/tsparticles-interaction-external-remove-2.7.1.tgz"
  "version" "2.7.1"
  dependencies:
    "tsparticles-engine" "^2.7.1"

"tsparticles-interaction-external-repulse@^2.7.1":
  "integrity" "sha512-VThfYODxxhEeuR9oc+914qjTEv0bpG/IDkNLKyCdcr3N/Zf5MJqvrSXmHumPuD6a82lzMUukO12HNVkIUbtTbw=="
  "resolved" "https://registry.npmjs.org/tsparticles-interaction-external-repulse/-/tsparticles-interaction-external-repulse-2.7.1.tgz"
  "version" "2.7.1"
  dependencies:
    "tsparticles-engine" "^2.7.1"

"tsparticles-interaction-external-slow@^2.7.1":
  "integrity" "sha512-Gb9xzGrAr2uEB3kvICz8oMjDZ76dJ/yeaLwWIrMnqjcs2xFhc0JpXjHFISxzujvY52O8uTJVzLn6Cq4IaMOHZw=="
  "resolved" "https://registry.npmjs.org/tsparticles-interaction-external-slow/-/tsparticles-interaction-external-slow-2.7.1.tgz"
  "version" "2.7.1"
  dependencies:
    "tsparticles-engine" "^2.7.1"

"tsparticles-interaction-external-trail@^2.7.1":
  "integrity" "sha512-5iBPCWeEBZTuzyVOZ6+PwZHV8+P4E1I1c4ymnORl4AVznOu9heCe96vNGzH06T7YJpK/aSXtx8ppLRBdRyNvZQ=="
  "resolved" "https://registry.npmjs.org/tsparticles-interaction-external-trail/-/tsparticles-interaction-external-trail-2.7.1.tgz"
  "version" "2.7.1"
  dependencies:
    "tsparticles-engine" "^2.7.1"

"tsparticles-interaction-particles-attract@^2.7.1":
  "integrity" "sha512-DYpO4BdXpKgLczd6Znxh5ma2LL7KYZcDpm28StQUKsnE8Q5QRaMsvXAQMLpUR+3b9fkDswuoxy0lq8RkhMXNuA=="
  "resolved" "https://registry.npmjs.org/tsparticles-interaction-particles-attract/-/tsparticles-interaction-particles-attract-2.7.1.tgz"
  "version" "2.7.1"
  dependencies:
    "tsparticles-engine" "^2.7.1"

"tsparticles-interaction-particles-collisions@^2.7.1":
  "integrity" "sha512-AyVvZxcdb3LUdqxNePRVS9sA0+uP91mZidWwA5xTMfXK7kp3vWyHYKEkSN4BRFs4L3QYjFEgf56LnxKdc4wM0g=="
  "resolved" "https://registry.npmjs.org/tsparticles-interaction-particles-collisions/-/tsparticles-interaction-particles-collisions-2.7.1.tgz"
  "version" "2.7.1"
  dependencies:
    "tsparticles-engine" "^2.7.1"

"tsparticles-interaction-particles-links@^2.7.1":
  "integrity" "sha512-ugHzaONF3sFzD+44oToQbthbewj7HUfakMJ7WS+iba5IF0qmA4d95cuipjhONiiqbgD7zk8uALyeTqZUkFTffw=="
  "resolved" "https://registry.npmjs.org/tsparticles-interaction-particles-links/-/tsparticles-interaction-particles-links-2.7.1.tgz"
  "version" "2.7.1"
  dependencies:
    "tsparticles-engine" "^2.7.1"

"tsparticles-move-base@^2.7.1":
  "integrity" "sha512-RqxMN0j/YzPOABeKNOsvQ9cgGeoQKWV1pl9sInCUzvyOpKjeXtv+dN4+NjF6s78hcVYt3yFKmr4jsaD0RJBpNw=="
  "resolved" "https://registry.npmjs.org/tsparticles-move-base/-/tsparticles-move-base-2.7.1.tgz"
  "version" "2.7.1"
  dependencies:
    "tsparticles-engine" "^2.7.1"

"tsparticles-move-parallax@^2.7.1":
  "integrity" "sha512-B4D8FTDzaR6vpY9+aCa2pBZhqsHgijdrIuH7QgzF4Q2AWULeYfXwaA1SHf7krY9jwHPKDUfHI5QqpcRyzEu7Xg=="
  "resolved" "https://registry.npmjs.org/tsparticles-move-parallax/-/tsparticles-move-parallax-2.7.1.tgz"
  "version" "2.7.1"
  dependencies:
    "tsparticles-engine" "^2.7.1"

"tsparticles-particles.js@^2.7.1":
  "integrity" "sha512-sHK9clm2qUJbxqra7djl2x7ZIY6QHUGMNGq4HF7K33i/vzjcN3ODZMqITAX+GNz9OuqViF9q9HZ20Z4nwxUl/g=="
  "resolved" "https://registry.npmjs.org/tsparticles-particles.js/-/tsparticles-particles.js-2.7.1.tgz"
  "version" "2.7.1"
  dependencies:
    "tsparticles-engine" "^2.7.1"

"tsparticles-plugin-absorbers@^2.7.1":
  "integrity" "sha512-nh0MOSdYTkEsl/hIrxUCRV/9mRvh1LJjHKIAHg/V/5S03xITLF3Au9PaUrH4q9hoZbKinQqfW/+TWcfdDHVmrQ=="
  "resolved" "https://registry.npmjs.org/tsparticles-plugin-absorbers/-/tsparticles-plugin-absorbers-2.7.1.tgz"
  "version" "2.7.1"
  dependencies:
    "tsparticles-engine" "^2.7.1"

"tsparticles-plugin-easing-quad@^2.7.1":
  "integrity" "sha512-nM7gffi7cvVxL0Xa50FG9Lk72F2Q1pOeMroGVZgb0reDtlUgihGXrZwW2shnrSa6/owDrFMpi5T0UaDbyS5JOg=="
  "resolved" "https://registry.npmjs.org/tsparticles-plugin-easing-quad/-/tsparticles-plugin-easing-quad-2.7.1.tgz"
  "version" "2.7.1"
  dependencies:
    "tsparticles-engine" "^2.7.1"

"tsparticles-plugin-emitters@^2.7.1":
  "integrity" "sha512-8R8KZw/MewiJQm/551KVgJvGtcxotZY6OveXWGvRkZmrrkBprJnxZH7CbQuQ7u/8Vy6HTJ1kBhr4XpxRAIumfA=="
  "resolved" "https://registry.npmjs.org/tsparticles-plugin-emitters/-/tsparticles-plugin-emitters-2.7.1.tgz"
  "version" "2.7.1"
  dependencies:
    "tsparticles-engine" "^2.7.1"

"tsparticles-preset-fire@^2.7.1":
  "integrity" "sha512-e7iE6plTaULcwl8i5nMKWsN7pQDtiYKC8oCy6CuqHSyFYAyC6Xd1CkgjAfJb3dnq0C3FzX4P96dz/BICjQcGIw=="
  "resolved" "https://registry.npmjs.org/tsparticles-preset-fire/-/tsparticles-preset-fire-2.7.1.tgz"
  "version" "2.7.1"
  dependencies:
    "tsparticles-engine" "^2.7.1"
    "tsparticles-interaction-external-push" "^2.7.1"
    "tsparticles-move-base" "^2.7.1"
    "tsparticles-shape-circle" "^2.7.1"
    "tsparticles-updater-color" "^2.7.1"
    "tsparticles-updater-opacity" "^2.7.1"
    "tsparticles-updater-out-modes" "^2.7.1"
    "tsparticles-updater-size" "^2.7.1"

"tsparticles-shape-circle@^2.7.1":
  "integrity" "sha512-rTNjH8EwP1tL+oOqgu8b0FDdhGKXDPBVqRIew6H3APVVP/5HNbVb9fwpBPLvHtHC0cpfg/WgXanx9QqZxrEXWQ=="
  "resolved" "https://registry.npmjs.org/tsparticles-shape-circle/-/tsparticles-shape-circle-2.7.1.tgz"
  "version" "2.7.1"
  dependencies:
    "tsparticles-engine" "^2.7.1"

"tsparticles-shape-image@^2.7.1":
  "integrity" "sha512-mvzd0hwTdYNe7+wh7+u5hG0v0DmTVnk3zAAcKmv7lR5qesW3mms2GntwhmyV/CSThYsk33T25fl5xa7G7ZKQVg=="
  "resolved" "https://registry.npmjs.org/tsparticles-shape-image/-/tsparticles-shape-image-2.7.1.tgz"
  "version" "2.7.1"
  dependencies:
    "tsparticles-engine" "^2.7.1"

"tsparticles-shape-line@^2.7.1":
  "integrity" "sha512-u1/OeVM3zKGZWzPlX2qxh8MvAZP6D96NtlRLfa2akX4HD2gfVgSucocdFAIaXnVrtTdWK7YQeMmyaj+j9SRwpA=="
  "resolved" "https://registry.npmjs.org/tsparticles-shape-line/-/tsparticles-shape-line-2.7.1.tgz"
  "version" "2.7.1"
  dependencies:
    "tsparticles-engine" "^2.7.1"

"tsparticles-shape-polygon@^2.7.1":
  "integrity" "sha512-8F7MGEeiAEbQPQiNtUTjzju42bv7vyb0JFc+HpZaEQCYKOOOkpo6hBCok/PLJ1Gu6n/86LrbXcbOc2X1cA1Ovw=="
  "resolved" "https://registry.npmjs.org/tsparticles-shape-polygon/-/tsparticles-shape-polygon-2.7.1.tgz"
  "version" "2.7.1"
  dependencies:
    "tsparticles-engine" "^2.7.1"

"tsparticles-shape-square@^2.7.1":
  "integrity" "sha512-HMsQVO8D+oMVMP74Q8HFje3oP6bEcu9hse78osLgFCmm6/FDtJw+qk41e8I6GHSKBXYN5o5J3bInUk5yJdWtPQ=="
  "resolved" "https://registry.npmjs.org/tsparticles-shape-square/-/tsparticles-shape-square-2.7.1.tgz"
  "version" "2.7.1"
  dependencies:
    "tsparticles-engine" "^2.7.1"

"tsparticles-shape-star@^2.7.1":
  "integrity" "sha512-mrFeQut1RH3YytCNsdOApeH+ow+4bwUQQuyNwbdRGZbElaRtAm4DzLMpHl50okoSs8Z9e1gFK1HAXxb8FOmCWg=="
  "resolved" "https://registry.npmjs.org/tsparticles-shape-star/-/tsparticles-shape-star-2.7.1.tgz"
  "version" "2.7.1"
  dependencies:
    "tsparticles-engine" "^2.7.1"

"tsparticles-shape-text@^2.7.1":
  "integrity" "sha512-ZX/c4EHDdPKZsdHegwrmHQCAzyzzG30dLEMq1AUtgn0DW75TpgVRAGooBmwInYUBlyZJ/3T3OA38vVlpUAD4oQ=="
  "resolved" "https://registry.npmjs.org/tsparticles-shape-text/-/tsparticles-shape-text-2.7.1.tgz"
  "version" "2.7.1"
  dependencies:
    "tsparticles-engine" "^2.7.1"

"tsparticles-slim@^2.7.1":
  "integrity" "sha512-OqXFceVKnevz67V9Mglc2DgloxU047D3jjlBlb1Yz1/i6s60lAu+XigFyQtagcnYDTxNuuI2vJzP+sewT+22uw=="
  "resolved" "https://registry.npmjs.org/tsparticles-slim/-/tsparticles-slim-2.7.1.tgz"
  "version" "2.7.1"
  dependencies:
    "tsparticles-engine" "^2.7.1"
    "tsparticles-interaction-external-attract" "^2.7.1"
    "tsparticles-interaction-external-bounce" "^2.7.1"
    "tsparticles-interaction-external-bubble" "^2.7.1"
    "tsparticles-interaction-external-connect" "^2.7.1"
    "tsparticles-interaction-external-grab" "^2.7.1"
    "tsparticles-interaction-external-pause" "^2.7.1"
    "tsparticles-interaction-external-push" "^2.7.1"
    "tsparticles-interaction-external-remove" "^2.7.1"
    "tsparticles-interaction-external-repulse" "^2.7.1"
    "tsparticles-interaction-external-slow" "^2.7.1"
    "tsparticles-interaction-particles-attract" "^2.7.1"
    "tsparticles-interaction-particles-collisions" "^2.7.1"
    "tsparticles-interaction-particles-links" "^2.7.1"
    "tsparticles-move-base" "^2.7.1"
    "tsparticles-move-parallax" "^2.7.1"
    "tsparticles-particles.js" "^2.7.1"
    "tsparticles-plugin-easing-quad" "^2.7.1"
    "tsparticles-shape-circle" "^2.7.1"
    "tsparticles-shape-image" "^2.7.1"
    "tsparticles-shape-line" "^2.7.1"
    "tsparticles-shape-polygon" "^2.7.1"
    "tsparticles-shape-square" "^2.7.1"
    "tsparticles-shape-star" "^2.7.1"
    "tsparticles-shape-text" "^2.7.1"
    "tsparticles-updater-angle" "^2.7.1"
    "tsparticles-updater-color" "^2.7.1"
    "tsparticles-updater-life" "^2.7.1"
    "tsparticles-updater-opacity" "^2.7.1"
    "tsparticles-updater-out-modes" "^2.7.1"
    "tsparticles-updater-size" "^2.7.1"
    "tsparticles-updater-stroke-color" "^2.7.1"

"tsparticles-updater-angle@^2.7.1":
  "integrity" "sha512-619dYwTtvzBDMKkXibGksk15RdxEYtwZAdxviX2CRsq+ysYRkOzepgp/L1Oj/KAwrP19ztyOOLJlkO39pkDvzQ=="
  "resolved" "https://registry.npmjs.org/tsparticles-updater-angle/-/tsparticles-updater-angle-2.7.1.tgz"
  "version" "2.7.1"
  dependencies:
    "tsparticles-engine" "^2.7.1"

"tsparticles-updater-color@^2.7.1":
  "integrity" "sha512-0xxIGdYTpMnG1l6xpCo3FsIlQTuThH+FqsWjtPOb3HTLL7Z2gPbaQAwjVJwZ9VYfIwz3GhdjWXK6P9/iXLBzrA=="
  "resolved" "https://registry.npmjs.org/tsparticles-updater-color/-/tsparticles-updater-color-2.7.1.tgz"
  "version" "2.7.1"
  dependencies:
    "tsparticles-engine" "^2.7.1"

"tsparticles-updater-destroy@^2.7.1":
  "integrity" "sha512-xWV3CXDdVP56nggZipDd5wzkM6lZ6cVjCHuA3UmjkUkV3zEU2mmzAfnKZPjz0w6f+8g6sn7IDlrWD8wL3FKQvA=="
  "resolved" "https://registry.npmjs.org/tsparticles-updater-destroy/-/tsparticles-updater-destroy-2.7.1.tgz"
  "version" "2.7.1"
  dependencies:
    "tsparticles-engine" "^2.7.1"

"tsparticles-updater-life@^2.7.1":
  "integrity" "sha512-bLgMe/CUo77Fw108EbQ2GN0wb4Y2FXIbpcv3N3wN51eDB6cvqI8rXDYnrKHzfe23Fs9BaZ+8cCMPnsBeASuSPg=="
  "resolved" "https://registry.npmjs.org/tsparticles-updater-life/-/tsparticles-updater-life-2.7.1.tgz"
  "version" "2.7.1"
  dependencies:
    "tsparticles-engine" "^2.7.1"

"tsparticles-updater-opacity@^2.7.1":
  "integrity" "sha512-ELlZHFJZrUaiW+h5x4IZ5Gkog6FaBz9rHdlqcQaXTJnDvdXTR6qe8Au9B6aL6DnOidJ1mRacTf8IcpGchpFqXw=="
  "resolved" "https://registry.npmjs.org/tsparticles-updater-opacity/-/tsparticles-updater-opacity-2.7.1.tgz"
  "version" "2.7.1"
  dependencies:
    "tsparticles-engine" "^2.7.1"

"tsparticles-updater-out-modes@^2.7.1":
  "integrity" "sha512-HbwFoDFYPv77x6P3uDCgg2WuMXeQnLmd6m3HVSwvsFd5/PDdkunQljGmsEG36ZRHRWIaXtBDq5m5vB15gvlz6Q=="
  "resolved" "https://registry.npmjs.org/tsparticles-updater-out-modes/-/tsparticles-updater-out-modes-2.7.1.tgz"
  "version" "2.7.1"
  dependencies:
    "tsparticles-engine" "^2.7.1"

"tsparticles-updater-roll@^2.7.1":
  "integrity" "sha512-EP+4waqzufALY+ANUggI+m7UtR+1vkrREYVS7yY4oQNDBGkbx+DMb5GlwAF3R1Q2Y2Q0uBynSiTEE1q0UVaUpw=="
  "resolved" "https://registry.npmjs.org/tsparticles-updater-roll/-/tsparticles-updater-roll-2.7.1.tgz"
  "version" "2.7.1"
  dependencies:
    "tsparticles-engine" "^2.7.1"

"tsparticles-updater-size@^2.7.1":
  "integrity" "sha512-Sy9Tkq8AkdbasxgrCzouMc8triS03ZLJ9vrp0OrKd/15e9oOJ7knTYDZtNb13IgAt2K0gKt5YvXYYTiQBPXveA=="
  "resolved" "https://registry.npmjs.org/tsparticles-updater-size/-/tsparticles-updater-size-2.7.1.tgz"
  "version" "2.7.1"
  dependencies:
    "tsparticles-engine" "^2.7.1"

"tsparticles-updater-stroke-color@^2.7.1":
  "integrity" "sha512-j+jch5B9DYv8CEG/i45ib5DRn6Jklyfju8bRi5WpFRgQTO4feW/BwGcWbmUY6g048Rl3G4YD6SvQgaDyCj2W3Q=="
  "resolved" "https://registry.npmjs.org/tsparticles-updater-stroke-color/-/tsparticles-updater-stroke-color-2.7.1.tgz"
  "version" "2.7.1"
  dependencies:
    "tsparticles-engine" "^2.7.1"

"tsparticles-updater-tilt@^2.7.1":
  "integrity" "sha512-AqZDQzEsLzY5dy7mSqJUA3+aG166+3QLwjM1oRrL9ZFR1EM5L6fH72Z69HsIvFD++eCMsmfhRX5NGf/arrH5CQ=="
  "resolved" "https://registry.npmjs.org/tsparticles-updater-tilt/-/tsparticles-updater-tilt-2.7.1.tgz"
  "version" "2.7.1"
  dependencies:
    "tsparticles-engine" "^2.7.1"

"tsparticles-updater-twinkle@^2.7.1":
  "integrity" "sha512-v/C3UMUzw8T6weV4UC4Mwf31OAcYDcxvhaLUkD5KHOsDJnE/4c5moq743Spu0CURqA73OUxn6Vi1Ow6tAmQH3A=="
  "resolved" "https://registry.npmjs.org/tsparticles-updater-twinkle/-/tsparticles-updater-twinkle-2.7.1.tgz"
  "version" "2.7.1"
  dependencies:
    "tsparticles-engine" "^2.7.1"

"tsparticles-updater-wobble@^2.7.1":
  "integrity" "sha512-dsIFA4bbZZ5cviZFk08x5+E2gDLWm3zximUU1m0yPgtY3TEfdOzkuIFX2qDyhuHzMLWOBojSdezexxfMoIix/w=="
  "resolved" "https://registry.npmjs.org/tsparticles-updater-wobble/-/tsparticles-updater-wobble-2.7.1.tgz"
  "version" "2.7.1"
  dependencies:
    "tsparticles-engine" "^2.7.1"

"tsparticles@^2.7.1":
  "integrity" "sha512-W8hVaUBnXOGHiaJfgFCpgYd0aisp5j4Pv/Oo+K21B5GzpGudi6XbwGAK8GX5x214yQG8VM3+uGUIRnha97DVtg=="
  "resolved" "https://registry.npmjs.org/tsparticles/-/tsparticles-2.7.1.tgz"
  "version" "2.7.1"
  dependencies:
    "tsparticles-engine" "^2.7.1"
    "tsparticles-interaction-external-trail" "^2.7.1"
    "tsparticles-plugin-absorbers" "^2.7.1"
    "tsparticles-plugin-emitters" "^2.7.1"
    "tsparticles-slim" "^2.7.1"
    "tsparticles-updater-destroy" "^2.7.1"
    "tsparticles-updater-roll" "^2.7.1"
    "tsparticles-updater-tilt" "^2.7.1"
    "tsparticles-updater-twinkle" "^2.7.1"
    "tsparticles-updater-wobble" "^2.7.1"

"ua-parser-js@^1.0.2":
  "integrity" "sha512-RqshF7TPTE0XLYAqmjlu5cLLuGdKrNu9O1KLA/qp39QtbZwuzwv1dT46DZSopoUMsYgXpB3Cv8a03FI8b74oFQ=="
  "resolved" "https://registry.npmjs.org/ua-parser-js/-/ua-parser-js-1.0.33.tgz"
  "version" "1.0.33"

"webidl-conversions@^3.0.0":
  "integrity" "sha512-2JAn3z8AR6rjK8Sm8orRC0h/bcl/DqL7tRPdGZ4I1CjdF+EaMLmYxBHyXuKL849eucPFhvBoxMsflfOb8kxaeQ=="
  "resolved" "https://registry.npmjs.org/webidl-conversions/-/webidl-conversions-3.0.1.tgz"
  "version" "3.0.1"

"whatwg-url@^5.0.0":
  "integrity" "sha512-saE57nupxk6v3HY35+jzBwYa0rKSy0XR8JSxZPwgLr7ys0IBzhGviA1/TUGJLmSVqs8pb9AnvICXEuOHLprYTw=="
  "resolved" "https://registry.npmjs.org/whatwg-url/-/whatwg-url-5.0.0.tgz"
  "version" "5.0.0"
  dependencies:
    "tr46" "~0.0.3"
    "webidl-conversions" "^3.0.0"
